<?xml version="1.0" encoding="utf-8"?>
<Project ToolsVersion="4.0" xmlns="http://schemas.microsoft.com/developer/msbuild/2003">
  <ItemGroup>
    <Filter Include="Source Files">
      <UniqueIdentifier>{4FC737F1-C7A5-4376-A066-2A32D752A2FF}</UniqueIdentifier>
      <Extensions>cpp;c;cc;cxx;def;odl;idl;hpj;bat;asm;asmx</Extensions>
    </Filter>
    <Filter Include="Header Files">
      <UniqueIdentifier>{93995380-89BD-4b04-88EB-625FBE52EBFB}</UniqueIdentifier>
      <Extensions>h;hh;hpp;hxx;hm;inl;inc;xsd</Extensions>
    </Filter>
  </ItemGroup>
  <ItemGroup>
    <Text Include="ReadMe.txt" />
  </ItemGroup>
  <ItemGroup>
    <ClInclude Include="stdafx.h">
      <Filter>Header Files</Filter>
    </ClInclude>
    <ClInclude Include="targetver.h">
      <Filter>Header Files</Filter>
    </ClInclude>
    <ClInclude Include="camera.h">
      <Filter>Header Files</Filter>
    </ClInclude>
    <ClInclude Include="CameraDistortion.h">
      <Filter>Header Files</Filter>
    </ClInclude>
    <ClInclude Include="config.h">
      <Filter>Header Files</Filter>
    </ClInclude>
    <ClInclude Include="detectpoint.h">
      <Filter>Header Files</Filter>
    </ClInclude>
    <ClInclude Include="dxcapture.h">
      <Filter>Header Files</Filter>
    </ClInclude>
    <ClInclude Include="dxcaptureutil.h">
      <Filter>Header Files</Filter>
    </ClInclude>
    <ClInclude Include="linecontour.h">
      <Filter>Header Files</Filter>
    </ClInclude>
    <ClInclude Include="movie.h">
      <Filter>Header Files</Filter>
    </ClInclude>
    <ClInclude Include="pidcontrol.h">
      <Filter>Header Files</Filter>
    </ClInclude>
    <ClInclude Include="rectcontour.h">
      <Filter>Header Files</Filter>
    </ClInclude>
    <ClInclude Include="screen.h">
      <Filter>Header Files</Filter>
    </ClInclude>
    <ClInclude Include="sharedmemcommunication.h">
      <Filter>Header Files</Filter>
    </ClInclude>
    <ClInclude Include="skewdetect.h">
      <Filter>Header Files</Filter>
    </ClInclude>
    <ClInclude Include="squarecontour.h">
      <Filter>Header Files</Filter>
    </ClInclude>
    <ClInclude Include="udpcommunication.h">
      <Filter>Header Files</Filter>
    </ClInclude>
    <ClInclude Include="use_opencv.h">
      <Filter>Header Files</Filter>
    </ClInclude>
    <ClInclude Include="util.h">
      <Filter>Header Files</Filter>
    </ClInclude>
    <ClInclude Include="wndmsgcommunication.h">
      <Filter>Header Files</Filter>
    </ClInclude>
    <ClInclude Include="camcommon.h">
      <Filter>Header Files</Filter>
    </ClInclude>
    <ClInclude Include="RecognitionConfig.h">
      <Filter>Header Files</Filter>
    </ClInclude>
    <ClInclude Include="streamingsender.h">
      <Filter>Header Files</Filter>
    </ClInclude>
    <ClInclude Include="streamingreceiver.h">
      <Filter>Header Files</Filter>
    </ClInclude>
    <ClInclude Include="streaming.h">
      <Filter>Header Files</Filter>
    </ClInclude>
    <ClInclude Include="searchpoint.h">
      <Filter>Header Files</Filter>
    </ClInclude>
    <ClInclude Include="thresholdfinder.h">
      <Filter>Header Files</Filter>
    </ClInclude>
    <ClInclude Include="LEDCalibrater.h">
      <Filter>Header Files</Filter>
    </ClInclude>
    <ClInclude Include="LEDBlinkCapture.h">
      <Filter>Header Files</Filter>
    </ClInclude>
    <ClInclude Include="Serial.h">
      <Filter>Header Files</Filter>
    </ClInclude>
    <ClInclude Include="BufferedSerial.h">
      <Filter>Header Files</Filter>
    </ClInclude>
    <ClInclude Include="streamingviewer.h">
      <Filter>Header Files</Filter>
    </ClInclude>
    <ClInclude Include="roi.h">
      <Filter>Header Files</Filter>
    </ClInclude>
    <ClInclude Include="videowriter.h">
      <Filter>Header Files</Filter>
    </ClInclude>
  </ItemGroup>
  <ItemGroup>
    <ClCompile Include="stdafx.cpp">
      <Filter>Source Files</Filter>
    </ClCompile>
    <ClCompile Include="camera.cpp">
      <Filter>Source Files</Filter>
    </ClCompile>
    <ClCompile Include="CameraDistortion.cpp">
      <Filter>Source Files</Filter>
    </ClCompile>
    <ClCompile Include="config.cpp">
      <Filter>Source Files</Filter>
    </ClCompile>
    <ClCompile Include="detectpoint.cpp">
      <Filter>Source Files</Filter>
    </ClCompile>
    <ClCompile Include="dxcapture.cpp">
      <Filter>Source Files</Filter>
    </ClCompile>
    <ClCompile Include="dxcaptureutil.cpp">
      <Filter>Source Files</Filter>
    </ClCompile>
    <ClCompile Include="linecontour.cpp">
      <Filter>Source Files</Filter>
    </ClCompile>
    <ClCompile Include="movie.cpp">
      <Filter>Source Files</Filter>
    </ClCompile>
    <ClCompile Include="pidcontrol.cpp">
      <Filter>Source Files</Filter>
    </ClCompile>
    <ClCompile Include="rectcontour.cpp">
      <Filter>Source Files</Filter>
    </ClCompile>
    <ClCompile Include="screen.cpp">
      <Filter>Source Files</Filter>
    </ClCompile>
    <ClCompile Include="sharedmemcommunication.cpp">
      <Filter>Source Files</Filter>
    </ClCompile>
    <ClCompile Include="skewdetect.cpp">
      <Filter>Source Files</Filter>
    </ClCompile>
    <ClCompile Include="squarecontour.cpp">
      <Filter>Source Files</Filter>
    </ClCompile>
    <ClCompile Include="udpcommunication.cpp">
      <Filter>Source Files</Filter>
    </ClCompile>
    <ClCompile Include="util.cpp">
      <Filter>Source Files</Filter>
    </ClCompile>
    <ClCompile Include="wndmsgcommunication.cpp">
      <Filter>Source Files</Filter>
    </ClCompile>
    <ClCompile Include="camcommon.cpp">
      <Filter>Source Files</Filter>
    </ClCompile>
    <ClCompile Include="RecognitionConfig.cpp">
      <Filter>Source Files</Filter>
    </ClCompile>
    <ClCompile Include="streamingsender.cpp">
      <Filter>Source Files</Filter>
    </ClCompile>
    <ClCompile Include="streamingreceiver.cpp">
      <Filter>Source Files</Filter>
    </ClCompile>
    <ClCompile Include="searchpoint.cpp">
      <Filter>Source Files</Filter>
    </ClCompile>
    <ClCompile Include="thresholdfinder.cpp">
      <Filter>Source Files</Filter>
    </ClCompile>
    <ClCompile Include="LEDCalibrater.cpp">
      <Filter>Source Files</Filter>
    </ClCompile>
    <ClCompile Include="LEDBlinkCapture.cpp">
      <Filter>Source Files</Filter>
    </ClCompile>
    <ClCompile Include="Serial.cpp">
      <Filter>Source Files</Filter>
    </ClCompile>
    <ClCompile Include="BufferedSerial.cpp">
      <Filter>Source Files</Filter>
    </ClCompile>
    <ClCompile Include="streamingviewer.cpp">
      <Filter>Source Files</Filter>
    </ClCompile>
    <ClCompile Include="roi.cpp">
      <Filter>Source Files</Filter>
    </ClCompile>
    <ClCompile Include="videowriter.cpp">
      <Filter>Source Files</Filter>
    </ClCompile>
  </ItemGroup>
</Project>